// !$*UTF8*$!
{
	archiveVersion = 1;
	classes = {
	};
	objectVersion = 46;
	objects = {

/* Begin PBXBuildFile section */
		33214602A17BD5671F7BA45F /* libPods-Echos-Echo Dev.a in Frameworks */ = {isa = PBXBuildFile; fileRef = 2E6A1C2FE1DFDB7AB571C92D /* libPods-Echos-Echo Dev.a */; };
		8026142ABB51658EF80BD297 /* libPods-EchoTests.a in Frameworks */ = {isa = PBXBuildFile; fileRef = E43045A1F7A0ECF3AD50F195 /* libPods-EchoTests.a */; };
		BF0F979282AC4FF8199C54AF /* libPods-Echos-Echo.a in Frameworks */ = {isa = PBXBuildFile; fileRef = 0E2D3C666BE071A7AD46186D /* libPods-Echos-Echo.a */; };
		CC303BD8A3657CAC288356F1 /* libPods-Echos-Echo Test.a in Frameworks */ = {isa = PBXBuildFile; fileRef = C65E8666E3E8AEF7EFD3E859 /* libPods-Echos-Echo Test.a */; };
		D85A0530A585B82E8A723DD6 /* libPods-EchoUITests.a in Frameworks */ = {isa = PBXBuildFile; fileRef = F7B628810CC3D2E56D3ABC36 /* libPods-EchoUITests.a */; };
		F03D24F81DE78F5900CD2225 /* dev.plist in Resources */ = {isa = PBXBuildFile; fileRef = F03D24F71DE78F5900CD2225 /* dev.plist */; };
		F03D24FA1DE7916C00CD2225 /* test.plist in Resources */ = {isa = PBXBuildFile; fileRef = F03D24F91DE7916C00CD2225 /* test.plist */; };
		F03D24FC1DE7917500CD2225 /* prod.plist in Resources */ = {isa = PBXBuildFile; fileRef = F03D24FB1DE7917500CD2225 /* prod.plist */; };
		F03D25001DE791DA00CD2225 /* MessageInputView.m in Sources */ = {isa = PBXBuildFile; fileRef = F0B487F61CDD4D3900C6AE6C /* MessageInputView.m */; };
		F03D25011DE791DA00CD2225 /* MessageTableView.m in Sources */ = {isa = PBXBuildFile; fileRef = F0B487F91CDD50D500C6AE6C /* MessageTableView.m */; };
		F03D25021DE791DA00CD2225 /* Echo.xcdatamodeld in Sources */ = {isa = PBXBuildFile; fileRef = F0A534C81CDB4EEE00A6D83A /* Echo.xcdatamodeld */; };
		F03D25031DE791DA00CD2225 /* Session.m in Sources */ = {isa = PBXBuildFile; fileRef = F0B487FC1CDD629000C6AE6C /* Session.m */; };
		F03D25041DE791DA00CD2225 /* MessagingViewController.m in Sources */ = {isa = PBXBuildFile; fileRef = F0A534FA1CDB528800A6D83A /* MessagingViewController.m */; };
		F03D25051DE791DA00CD2225 /* IntroductionViewController.m in Sources */ = {isa = PBXBuildFile; fileRef = F0A534F71CDB525900A6D83A /* IntroductionViewController.m */; };
		F03D25061DE791DA00CD2225 /* EchoWebServiceClient.m in Sources */ = {isa = PBXBuildFile; fileRef = F0A535041CDCCC7F00A6D83A /* EchoWebServiceClient.m */; };
		F03D25071DE791DA00CD2225 /* Message+CoreDataProperties.m in Sources */ = {isa = PBXBuildFile; fileRef = F0B487FF1CDE3C1000C6AE6C /* Message+CoreDataProperties.m */; };
		F03D25081DE791DA00CD2225 /* AuthenticationViewController.m in Sources */ = {isa = PBXBuildFile; fileRef = F0A534C31CDB4EEE00A6D83A /* AuthenticationViewController.m */; };
		F03D25091DE791DA00CD2225 /* AppDelegate.m in Sources */ = {isa = PBXBuildFile; fileRef = F0A534C01CDB4EEE00A6D83A /* AppDelegate.m */; };
		F03D250A1DE791DA00CD2225 /* MessageCell.m in Sources */ = {isa = PBXBuildFile; fileRef = F0B487E41CDCF43600C6AE6C /* MessageCell.m */; };
		F03D250B1DE791DA00CD2225 /* EchoWebSocketClient.m in Sources */ = {isa = PBXBuildFile; fileRef = F0B487E71CDD2DE200C6AE6C /* EchoWebSocketClient.m */; };
		F03D250C1DE791DA00CD2225 /* main.m in Sources */ = {isa = PBXBuildFile; fileRef = F0A534BD1CDB4EEE00A6D83A /* main.m */; };
		F03D250D1DE791DA00CD2225 /* Message.m in Sources */ = {isa = PBXBuildFile; fileRef = F0B488011CDE3C1000C6AE6C /* Message.m */; };
		F03D250E1DE791DA00CD2225 /* EchoWebServiceClient.h in Sources */ = {isa = PBXBuildFile; fileRef = F0A535061CDCCC9200A6D83A /* EchoWebServiceClient.h */; };
		F03D250F1DE791DA00CD2225 /* EchoTextFieldForm.m in Sources */ = {isa = PBXBuildFile; fileRef = F0B488081CDEB2D800C6AE6C /* EchoTextFieldForm.m */; };
		F03D25101DE791DA00CD2225 /* Participant+CoreDataProperties.m in Sources */ = {isa = PBXBuildFile; fileRef = F0B487EA1CDD3CC900C6AE6C /* Participant+CoreDataProperties.m */; };
		F03D25111DE791DA00CD2225 /* Participant.m in Sources */ = {isa = PBXBuildFile; fileRef = F0B487EC1CDD3CC900C6AE6C /* Participant.m */; };
		F03D25121DE791DA00CD2225 /* EchoButtonPrimary.m in Sources */ = {isa = PBXBuildFile; fileRef = F0B488051CDEAE5800C6AE6C /* EchoButtonPrimary.m */; };
		F03D25161DE791DA00CD2225 /* LaunchScreen.storyboard in Resources */ = {isa = PBXBuildFile; fileRef = F0A534CD1CDB4EEE00A6D83A /* LaunchScreen.storyboard */; };
		F03D25171DE791DA00CD2225 /* prod.plist in Resources */ = {isa = PBXBuildFile; fileRef = F03D24FB1DE7917500CD2225 /* prod.plist */; };
		F03D25181DE791DA00CD2225 /* Assets.xcassets in Resources */ = {isa = PBXBuildFile; fileRef = F0A534CB1CDB4EEE00A6D83A /* Assets.xcassets */; };
		F03D25191DE791DA00CD2225 /* dev.plist in Resources */ = {isa = PBXBuildFile; fileRef = F03D24F71DE78F5900CD2225 /* dev.plist */; };
		F03D251A1DE791DA00CD2225 /* test.plist in Resources */ = {isa = PBXBuildFile; fileRef = F03D24F91DE7916C00CD2225 /* test.plist */; };
		F03D251B1DE791DA00CD2225 /* Main.storyboard in Resources */ = {isa = PBXBuildFile; fileRef = F0A534C51CDB4EEE00A6D83A /* Main.storyboard */; };
		F03D25271DE791E600CD2225 /* MessageInputView.m in Sources */ = {isa = PBXBuildFile; fileRef = F0B487F61CDD4D3900C6AE6C /* MessageInputView.m */; };
		F03D25281DE791E600CD2225 /* MessageTableView.m in Sources */ = {isa = PBXBuildFile; fileRef = F0B487F91CDD50D500C6AE6C /* MessageTableView.m */; };
		F03D25291DE791E600CD2225 /* Echo.xcdatamodeld in Sources */ = {isa = PBXBuildFile; fileRef = F0A534C81CDB4EEE00A6D83A /* Echo.xcdatamodeld */; };
		F03D252A1DE791E600CD2225 /* Session.m in Sources */ = {isa = PBXBuildFile; fileRef = F0B487FC1CDD629000C6AE6C /* Session.m */; };
		F03D252B1DE791E600CD2225 /* MessagingViewController.m in Sources */ = {isa = PBXBuildFile; fileRef = F0A534FA1CDB528800A6D83A /* MessagingViewController.m */; };
		F03D252C1DE791E600CD2225 /* IntroductionViewController.m in Sources */ = {isa = PBXBuildFile; fileRef = F0A534F71CDB525900A6D83A /* IntroductionViewController.m */; };
		F03D252D1DE791E600CD2225 /* EchoWebServiceClient.m in Sources */ = {isa = PBXBuildFile; fileRef = F0A535041CDCCC7F00A6D83A /* EchoWebServiceClient.m */; };
		F03D252E1DE791E600CD2225 /* Message+CoreDataProperties.m in Sources */ = {isa = PBXBuildFile; fileRef = F0B487FF1CDE3C1000C6AE6C /* Message+CoreDataProperties.m */; };
		F03D252F1DE791E600CD2225 /* AuthenticationViewController.m in Sources */ = {isa = PBXBuildFile; fileRef = F0A534C31CDB4EEE00A6D83A /* AuthenticationViewController.m */; };
		F03D25301DE791E600CD2225 /* AppDelegate.m in Sources */ = {isa = PBXBuildFile; fileRef = F0A534C01CDB4EEE00A6D83A /* AppDelegate.m */; };
		F03D25311DE791E600CD2225 /* MessageCell.m in Sources */ = {isa = PBXBuildFile; fileRef = F0B487E41CDCF43600C6AE6C /* MessageCell.m */; };
		F03D25321DE791E600CD2225 /* EchoWebSocketClient.m in Sources */ = {isa = PBXBuildFile; fileRef = F0B487E71CDD2DE200C6AE6C /* EchoWebSocketClient.m */; };
		F03D25331DE791E600CD2225 /* main.m in Sources */ = {isa = PBXBuildFile; fileRef = F0A534BD1CDB4EEE00A6D83A /* main.m */; };
		F03D25341DE791E600CD2225 /* Message.m in Sources */ = {isa = PBXBuildFile; fileRef = F0B488011CDE3C1000C6AE6C /* Message.m */; };
		F03D25351DE791E600CD2225 /* EchoWebServiceClient.h in Sources */ = {isa = PBXBuildFile; fileRef = F0A535061CDCCC9200A6D83A /* EchoWebServiceClient.h */; };
		F03D25361DE791E600CD2225 /* EchoTextFieldForm.m in Sources */ = {isa = PBXBuildFile; fileRef = F0B488081CDEB2D800C6AE6C /* EchoTextFieldForm.m */; };
		F03D25371DE791E600CD2225 /* Participant+CoreDataProperties.m in Sources */ = {isa = PBXBuildFile; fileRef = F0B487EA1CDD3CC900C6AE6C /* Participant+CoreDataProperties.m */; };
		F03D25381DE791E600CD2225 /* Participant.m in Sources */ = {isa = PBXBuildFile; fileRef = F0B487EC1CDD3CC900C6AE6C /* Participant.m */; };
		F03D25391DE791E600CD2225 /* EchoButtonPrimary.m in Sources */ = {isa = PBXBuildFile; fileRef = F0B488051CDEAE5800C6AE6C /* EchoButtonPrimary.m */; };
		F03D253D1DE791E600CD2225 /* LaunchScreen.storyboard in Resources */ = {isa = PBXBuildFile; fileRef = F0A534CD1CDB4EEE00A6D83A /* LaunchScreen.storyboard */; };
		F03D253E1DE791E600CD2225 /* prod.plist in Resources */ = {isa = PBXBuildFile; fileRef = F03D24FB1DE7917500CD2225 /* prod.plist */; };
		F03D253F1DE791E600CD2225 /* Assets.xcassets in Resources */ = {isa = PBXBuildFile; fileRef = F0A534CB1CDB4EEE00A6D83A /* Assets.xcassets */; };
		F03D25401DE791E600CD2225 /* dev.plist in Resources */ = {isa = PBXBuildFile; fileRef = F03D24F71DE78F5900CD2225 /* dev.plist */; };
		F03D25411DE791E600CD2225 /* test.plist in Resources */ = {isa = PBXBuildFile; fileRef = F03D24F91DE7916C00CD2225 /* test.plist */; };
		F03D25421DE791E600CD2225 /* Main.storyboard in Resources */ = {isa = PBXBuildFile; fileRef = F0A534C51CDB4EEE00A6D83A /* Main.storyboard */; };
		F03D254D1DE7956500CD2225 /* BaseViewController.m in Sources */ = {isa = PBXBuildFile; fileRef = F03D254C1DE7956500CD2225 /* BaseViewController.m */; };
		F03D254E1DE7956500CD2225 /* BaseViewController.m in Sources */ = {isa = PBXBuildFile; fileRef = F03D254C1DE7956500CD2225 /* BaseViewController.m */; };
		F03D254F1DE7956500CD2225 /* BaseViewController.m in Sources */ = {isa = PBXBuildFile; fileRef = F03D254C1DE7956500CD2225 /* BaseViewController.m */; };
		F07446631DEF7DFB00CAEA07 /* EchoTextFieldValidationError.m in Sources */ = {isa = PBXBuildFile; fileRef = F07446621DEF7DFB00CAEA07 /* EchoTextFieldValidationError.m */; };
		F07446641DEF7DFB00CAEA07 /* EchoTextFieldValidationError.m in Sources */ = {isa = PBXBuildFile; fileRef = F07446621DEF7DFB00CAEA07 /* EchoTextFieldValidationError.m */; };
		F07446651DEF7DFB00CAEA07 /* EchoTextFieldValidationError.m in Sources */ = {isa = PBXBuildFile; fileRef = F07446621DEF7DFB00CAEA07 /* EchoTextFieldValidationError.m */; };
		F074466E1DF0E52000CAEA07 /* GoogleService-Info.plist in Resources */ = {isa = PBXBuildFile; fileRef = F074466D1DF0E52000CAEA07 /* GoogleService-Info.plist */; };
		F074466F1DF0E52000CAEA07 /* GoogleService-Info.plist in Resources */ = {isa = PBXBuildFile; fileRef = F074466D1DF0E52000CAEA07 /* GoogleService-Info.plist */; };
		F07446701DF0E52000CAEA07 /* GoogleService-Info.plist in Resources */ = {isa = PBXBuildFile; fileRef = F074466D1DF0E52000CAEA07 /* GoogleService-Info.plist */; };
		F0A534BE1CDB4EEE00A6D83A /* main.m in Sources */ = {isa = PBXBuildFile; fileRef = F0A534BD1CDB4EEE00A6D83A /* main.m */; };
		F0A534C11CDB4EEE00A6D83A /* AppDelegate.m in Sources */ = {isa = PBXBuildFile; fileRef = F0A534C01CDB4EEE00A6D83A /* AppDelegate.m */; };
		F0A534C41CDB4EEE00A6D83A /* AuthenticationViewController.m in Sources */ = {isa = PBXBuildFile; fileRef = F0A534C31CDB4EEE00A6D83A /* AuthenticationViewController.m */; };
		F0A534C71CDB4EEE00A6D83A /* Main.storyboard in Resources */ = {isa = PBXBuildFile; fileRef = F0A534C51CDB4EEE00A6D83A /* Main.storyboard */; };
		F0A534CA1CDB4EEE00A6D83A /* Echo.xcdatamodeld in Sources */ = {isa = PBXBuildFile; fileRef = F0A534C81CDB4EEE00A6D83A /* Echo.xcdatamodeld */; };
		F0A534CC1CDB4EEE00A6D83A /* Assets.xcassets in Resources */ = {isa = PBXBuildFile; fileRef = F0A534CB1CDB4EEE00A6D83A /* Assets.xcassets */; };
		F0A534CF1CDB4EEE00A6D83A /* LaunchScreen.storyboard in Resources */ = {isa = PBXBuildFile; fileRef = F0A534CD1CDB4EEE00A6D83A /* LaunchScreen.storyboard */; };
		F0A534DA1CDB4EEE00A6D83A /* EchoTests.m in Sources */ = {isa = PBXBuildFile; fileRef = F0A534D91CDB4EEE00A6D83A /* EchoTests.m */; };
		F0A534E51CDB4EEE00A6D83A /* EchoUITests.m in Sources */ = {isa = PBXBuildFile; fileRef = F0A534E41CDB4EEE00A6D83A /* EchoUITests.m */; };
		F0A534F81CDB525900A6D83A /* IntroductionViewController.m in Sources */ = {isa = PBXBuildFile; fileRef = F0A534F71CDB525900A6D83A /* IntroductionViewController.m */; };
		F0A534FB1CDB528800A6D83A /* MessagingViewController.m in Sources */ = {isa = PBXBuildFile; fileRef = F0A534FA1CDB528800A6D83A /* MessagingViewController.m */; };
		F0A535051CDCCC7F00A6D83A /* EchoWebServiceClient.m in Sources */ = {isa = PBXBuildFile; fileRef = F0A535041CDCCC7F00A6D83A /* EchoWebServiceClient.m */; };
		F0A535071CDCCDD900A6D83A /* EchoWebServiceClient.h in Sources */ = {isa = PBXBuildFile; fileRef = F0A535061CDCCC9200A6D83A /* EchoWebServiceClient.h */; };
		F0B487E51CDCF43600C6AE6C /* MessageCell.m in Sources */ = {isa = PBXBuildFile; fileRef = F0B487E41CDCF43600C6AE6C /* MessageCell.m */; };
		F0B487E81CDD2DE200C6AE6C /* EchoWebSocketClient.m in Sources */ = {isa = PBXBuildFile; fileRef = F0B487E71CDD2DE200C6AE6C /* EchoWebSocketClient.m */; };
		F0B487F11CDD3CC900C6AE6C /* Participant+CoreDataProperties.m in Sources */ = {isa = PBXBuildFile; fileRef = F0B487EA1CDD3CC900C6AE6C /* Participant+CoreDataProperties.m */; };
		F0B487F21CDD3CC900C6AE6C /* Participant.m in Sources */ = {isa = PBXBuildFile; fileRef = F0B487EC1CDD3CC900C6AE6C /* Participant.m */; };
		F0B487F71CDD4D3900C6AE6C /* MessageInputView.m in Sources */ = {isa = PBXBuildFile; fileRef = F0B487F61CDD4D3900C6AE6C /* MessageInputView.m */; };
		F0B487FA1CDD50D500C6AE6C /* MessageTableView.m in Sources */ = {isa = PBXBuildFile; fileRef = F0B487F91CDD50D500C6AE6C /* MessageTableView.m */; };
		F0B487FD1CDD629000C6AE6C /* Session.m in Sources */ = {isa = PBXBuildFile; fileRef = F0B487FC1CDD629000C6AE6C /* Session.m */; };
		F0B488021CDE3C1000C6AE6C /* Message+CoreDataProperties.m in Sources */ = {isa = PBXBuildFile; fileRef = F0B487FF1CDE3C1000C6AE6C /* Message+CoreDataProperties.m */; };
		F0B488031CDE3C1000C6AE6C /* Message.m in Sources */ = {isa = PBXBuildFile; fileRef = F0B488011CDE3C1000C6AE6C /* Message.m */; };
		F0B488061CDEAE5800C6AE6C /* EchoButtonPrimary.m in Sources */ = {isa = PBXBuildFile; fileRef = F0B488051CDEAE5800C6AE6C /* EchoButtonPrimary.m */; };
		F0B488091CDEB2D800C6AE6C /* EchoTextFieldForm.m in Sources */ = {isa = PBXBuildFile; fileRef = F0B488081CDEB2D800C6AE6C /* EchoTextFieldForm.m */; };
/* End PBXBuildFile section */

/* Begin PBXContainerItemProxy section */
		F0A534D61CDB4EEE00A6D83A /* PBXContainerItemProxy */ = {
			isa = PBXContainerItemProxy;
			containerPortal = F0A534B11CDB4EEE00A6D83A /* Project object */;
			proxyType = 1;
			remoteGlobalIDString = F0A534B81CDB4EEE00A6D83A;
			remoteInfo = Echo;
		};
		F0A534E11CDB4EEE00A6D83A /* PBXContainerItemProxy */ = {
			isa = PBXContainerItemProxy;
			containerPortal = F0A534B11CDB4EEE00A6D83A /* Project object */;
			proxyType = 1;
			remoteGlobalIDString = F0A534B81CDB4EEE00A6D83A;
			remoteInfo = Echo;
		};
/* End PBXContainerItemProxy section */

/* Begin PBXFileReference section */
		0E2D3C666BE071A7AD46186D /* libPods-Echos-Echo.a */ = {isa = PBXFileReference; explicitFileType = archive.ar; includeInIndex = 0; path = "libPods-Echos-Echo.a"; sourceTree = BUILT_PRODUCTS_DIR; };
		14DE9F9E5C8E6C4A810BAE12 /* Pods-EchoTests.release.xcconfig */ = {isa = PBXFileReference; includeInIndex = 1; lastKnownFileType = text.xcconfig; name = "Pods-EchoTests.release.xcconfig"; path = "Pods/Target Support Files/Pods-EchoTests/Pods-EchoTests.release.xcconfig"; sourceTree = "<group>"; };
		2E6A1C2FE1DFDB7AB571C92D /* libPods-Echos-Echo Dev.a */ = {isa = PBXFileReference; explicitFileType = archive.ar; includeInIndex = 0; path = "libPods-Echos-Echo Dev.a"; sourceTree = BUILT_PRODUCTS_DIR; };
		2F7AF849E9AE2A8E253359D7 /* libPods-Echo.a */ = {isa = PBXFileReference; explicitFileType = archive.ar; includeInIndex = 0; path = "libPods-Echo.a"; sourceTree = BUILT_PRODUCTS_DIR; };
		4215314B0C7A537E9600106D /* Pods-Echo.release.xcconfig */ = {isa = PBXFileReference; includeInIndex = 1; lastKnownFileType = text.xcconfig; name = "Pods-Echo.release.xcconfig"; path = "Pods/Target Support Files/Pods-Echo/Pods-Echo.release.xcconfig"; sourceTree = "<group>"; };
		6E00E309AFF6207E170CF1DC /* Pods-EchoTests.debug.xcconfig */ = {isa = PBXFileReference; includeInIndex = 1; lastKnownFileType = text.xcconfig; name = "Pods-EchoTests.debug.xcconfig"; path = "Pods/Target Support Files/Pods-EchoTests/Pods-EchoTests.debug.xcconfig"; sourceTree = "<group>"; };
		74AAF4DDE808C9A78BB44A82 /* Pods-Echos-Echo Dev.debug.xcconfig */ = {isa = PBXFileReference; includeInIndex = 1; lastKnownFileType = text.xcconfig; name = "Pods-Echos-Echo Dev.debug.xcconfig"; path = "Pods/Target Support Files/Pods-Echos-Echo Dev/Pods-Echos-Echo Dev.debug.xcconfig"; sourceTree = "<group>"; };
		7983555997DED165CC0FC8A3 /* Pods-Echos-Echo Dev.release.xcconfig */ = {isa = PBXFileReference; includeInIndex = 1; lastKnownFileType = text.xcconfig; name = "Pods-Echos-Echo Dev.release.xcconfig"; path = "Pods/Target Support Files/Pods-Echos-Echo Dev/Pods-Echos-Echo Dev.release.xcconfig"; sourceTree = "<group>"; };
		9D100862F4894AC366821057 /* Pods-Echos-Echo.release.xcconfig */ = {isa = PBXFileReference; includeInIndex = 1; lastKnownFileType = text.xcconfig; name = "Pods-Echos-Echo.release.xcconfig"; path = "Pods/Target Support Files/Pods-Echos-Echo/Pods-Echos-Echo.release.xcconfig"; sourceTree = "<group>"; };
		B704F614A2E8676AFD3B1405 /* Pods-Echos-Echo Test.release.xcconfig */ = {isa = PBXFileReference; includeInIndex = 1; lastKnownFileType = text.xcconfig; name = "Pods-Echos-Echo Test.release.xcconfig"; path = "Pods/Target Support Files/Pods-Echos-Echo Test/Pods-Echos-Echo Test.release.xcconfig"; sourceTree = "<group>"; };
		B790AD6CB83E9690076BA802 /* Pods-Echos-Echo Test.debug.xcconfig */ = {isa = PBXFileReference; includeInIndex = 1; lastKnownFileType = text.xcconfig; name = "Pods-Echos-Echo Test.debug.xcconfig"; path = "Pods/Target Support Files/Pods-Echos-Echo Test/Pods-Echos-Echo Test.debug.xcconfig"; sourceTree = "<group>"; };
		BD39D11618E9E6B3C81B4930 /* Pods-EchoUITests.debug.xcconfig */ = {isa = PBXFileReference; includeInIndex = 1; lastKnownFileType = text.xcconfig; name = "Pods-EchoUITests.debug.xcconfig"; path = "Pods/Target Support Files/Pods-EchoUITests/Pods-EchoUITests.debug.xcconfig"; sourceTree = "<group>"; };
		C65E8666E3E8AEF7EFD3E859 /* libPods-Echos-Echo Test.a */ = {isa = PBXFileReference; explicitFileType = archive.ar; includeInIndex = 0; path = "libPods-Echos-Echo Test.a"; sourceTree = BUILT_PRODUCTS_DIR; };
		DB0918440761EC51C062E7C5 /* Pods-EchoUITests.release.xcconfig */ = {isa = PBXFileReference; includeInIndex = 1; lastKnownFileType = text.xcconfig; name = "Pods-EchoUITests.release.xcconfig"; path = "Pods/Target Support Files/Pods-EchoUITests/Pods-EchoUITests.release.xcconfig"; sourceTree = "<group>"; };
		DFCE4DC3EEEA23522CE1750E /* Pods-Echos-Echo.debug.xcconfig */ = {isa = PBXFileReference; includeInIndex = 1; lastKnownFileType = text.xcconfig; name = "Pods-Echos-Echo.debug.xcconfig"; path = "Pods/Target Support Files/Pods-Echos-Echo/Pods-Echos-Echo.debug.xcconfig"; sourceTree = "<group>"; };
		E3EBC6876F1CB8137887A568 /* Pods-Echo.debug.xcconfig */ = {isa = PBXFileReference; includeInIndex = 1; lastKnownFileType = text.xcconfig; name = "Pods-Echo.debug.xcconfig"; path = "Pods/Target Support Files/Pods-Echo/Pods-Echo.debug.xcconfig"; sourceTree = "<group>"; };
		E43045A1F7A0ECF3AD50F195 /* libPods-EchoTests.a */ = {isa = PBXFileReference; explicitFileType = archive.ar; includeInIndex = 0; path = "libPods-EchoTests.a"; sourceTree = BUILT_PRODUCTS_DIR; };
		F03D24F51DE78EFC00CD2225 /* Helpers.h */ = {isa = PBXFileReference; lastKnownFileType = sourcecode.c.h; path = Helpers.h; sourceTree = "<group>"; };
		F03D24F71DE78F5900CD2225 /* dev.plist */ = {isa = PBXFileReference; fileEncoding = 4; lastKnownFileType = text.plist.xml; path = dev.plist; sourceTree = "<group>"; };
		F03D24F91DE7916C00CD2225 /* test.plist */ = {isa = PBXFileReference; fileEncoding = 4; lastKnownFileType = text.plist.xml; path = test.plist; sourceTree = "<group>"; };
		F03D24FB1DE7917500CD2225 /* prod.plist */ = {isa = PBXFileReference; fileEncoding = 4; lastKnownFileType = text.plist.xml; path = prod.plist; sourceTree = "<group>"; };
		F03D25221DE791DA00CD2225 /* Echo Dev.app */ = {isa = PBXFileReference; explicitFileType = wrapper.application; includeInIndex = 0; path = "Echo Dev.app"; sourceTree = BUILT_PRODUCTS_DIR; };
		F03D25231DE791DA00CD2225 /* Dev-Info.plist */ = {isa = PBXFileReference; lastKnownFileType = text.plist.xml; path = "Dev-Info.plist"; sourceTree = "<group>"; };
		F03D25491DE791E600CD2225 /* Echo Test.app */ = {isa = PBXFileReference; explicitFileType = wrapper.application; includeInIndex = 0; path = "Echo Test.app"; sourceTree = BUILT_PRODUCTS_DIR; };
		F03D254A1DE791E600CD2225 /* Test-Info.plist */ = {isa = PBXFileReference; lastKnownFileType = text.plist.xml; path = "Test-Info.plist"; sourceTree = "<group>"; };
		F03D254B1DE7956500CD2225 /* BaseViewController.h */ = {isa = PBXFileReference; fileEncoding = 4; lastKnownFileType = sourcecode.c.h; path = BaseViewController.h; sourceTree = "<group>"; };
		F03D254C1DE7956500CD2225 /* BaseViewController.m */ = {isa = PBXFileReference; fileEncoding = 4; lastKnownFileType = sourcecode.c.objc; path = BaseViewController.m; sourceTree = "<group>"; };
		F07446611DEF7DFB00CAEA07 /* EchoTextFieldValidationError.h */ = {isa = PBXFileReference; fileEncoding = 4; lastKnownFileType = sourcecode.c.h; path = EchoTextFieldValidationError.h; sourceTree = "<group>"; };
		F07446621DEF7DFB00CAEA07 /* EchoTextFieldValidationError.m */ = {isa = PBXFileReference; fileEncoding = 4; lastKnownFileType = sourcecode.c.objc; path = EchoTextFieldValidationError.m; sourceTree = "<group>"; };
		F074466D1DF0E52000CAEA07 /* GoogleService-Info.plist */ = {isa = PBXFileReference; fileEncoding = 4; lastKnownFileType = text.plist.xml; path = "GoogleService-Info.plist"; sourceTree = "<group>"; };
		F0A534B91CDB4EEE00A6D83A /* Echo.app */ = {isa = PBXFileReference; explicitFileType = wrapper.application; includeInIndex = 0; path = Echo.app; sourceTree = BUILT_PRODUCTS_DIR; };
		F0A534BD1CDB4EEE00A6D83A /* main.m */ = {isa = PBXFileReference; lastKnownFileType = sourcecode.c.objc; path = main.m; sourceTree = "<group>"; };
		F0A534BF1CDB4EEE00A6D83A /* AppDelegate.h */ = {isa = PBXFileReference; lastKnownFileType = sourcecode.c.h; path = AppDelegate.h; sourceTree = "<group>"; };
		F0A534C01CDB4EEE00A6D83A /* AppDelegate.m */ = {isa = PBXFileReference; lastKnownFileType = sourcecode.c.objc; path = AppDelegate.m; sourceTree = "<group>"; };
		F0A534C21CDB4EEE00A6D83A /* AuthenticationViewController.h */ = {isa = PBXFileReference; lastKnownFileType = sourcecode.c.h; path = AuthenticationViewController.h; sourceTree = "<group>"; };
		F0A534C31CDB4EEE00A6D83A /* AuthenticationViewController.m */ = {isa = PBXFileReference; lastKnownFileType = sourcecode.c.objc; path = AuthenticationViewController.m; sourceTree = "<group>"; };
		F0A534C61CDB4EEE00A6D83A /* Base */ = {isa = PBXFileReference; lastKnownFileType = file.storyboard; name = Base; path = Base.lproj/Main.storyboard; sourceTree = "<group>"; };
		F0A534C91CDB4EEE00A6D83A /* Echo.xcdatamodel */ = {isa = PBXFileReference; lastKnownFileType = wrapper.xcdatamodel; path = Echo.xcdatamodel; sourceTree = "<group>"; };
		F0A534CB1CDB4EEE00A6D83A /* Assets.xcassets */ = {isa = PBXFileReference; lastKnownFileType = folder.assetcatalog; path = Assets.xcassets; sourceTree = "<group>"; };
		F0A534CE1CDB4EEE00A6D83A /* Base */ = {isa = PBXFileReference; lastKnownFileType = file.storyboard; name = Base; path = Base.lproj/LaunchScreen.storyboard; sourceTree = "<group>"; };
		F0A534D01CDB4EEE00A6D83A /* Live-Info.plist */ = {isa = PBXFileReference; lastKnownFileType = text.plist.xml; path = "Live-Info.plist"; sourceTree = "<group>"; };
		F0A534D51CDB4EEE00A6D83A /* EchoTests.xctest */ = {isa = PBXFileReference; explicitFileType = wrapper.cfbundle; includeInIndex = 0; path = EchoTests.xctest; sourceTree = BUILT_PRODUCTS_DIR; };
		F0A534D91CDB4EEE00A6D83A /* EchoTests.m */ = {isa = PBXFileReference; lastKnownFileType = sourcecode.c.objc; path = EchoTests.m; sourceTree = "<group>"; };
		F0A534DB1CDB4EEE00A6D83A /* Info.plist */ = {isa = PBXFileReference; lastKnownFileType = text.plist.xml; path = Info.plist; sourceTree = "<group>"; };
		F0A534E01CDB4EEE00A6D83A /* EchoUITests.xctest */ = {isa = PBXFileReference; explicitFileType = wrapper.cfbundle; includeInIndex = 0; path = EchoUITests.xctest; sourceTree = BUILT_PRODUCTS_DIR; };
		F0A534E41CDB4EEE00A6D83A /* EchoUITests.m */ = {isa = PBXFileReference; lastKnownFileType = sourcecode.c.objc; path = EchoUITests.m; sourceTree = "<group>"; };
		F0A534E61CDB4EEE00A6D83A /* Info.plist */ = {isa = PBXFileReference; lastKnownFileType = text.plist.xml; path = Info.plist; sourceTree = "<group>"; };
		F0A534F61CDB525900A6D83A /* IntroductionViewController.h */ = {isa = PBXFileReference; fileEncoding = 4; lastKnownFileType = sourcecode.c.h; path = IntroductionViewController.h; sourceTree = "<group>"; };
		F0A534F71CDB525900A6D83A /* IntroductionViewController.m */ = {isa = PBXFileReference; fileEncoding = 4; lastKnownFileType = sourcecode.c.objc; path = IntroductionViewController.m; sourceTree = "<group>"; };
		F0A534F91CDB528800A6D83A /* MessagingViewController.h */ = {isa = PBXFileReference; fileEncoding = 4; lastKnownFileType = sourcecode.c.h; path = MessagingViewController.h; sourceTree = "<group>"; };
		F0A534FA1CDB528800A6D83A /* MessagingViewController.m */ = {isa = PBXFileReference; fileEncoding = 4; lastKnownFileType = sourcecode.c.objc; path = MessagingViewController.m; sourceTree = "<group>"; };
		F0A535041CDCCC7F00A6D83A /* EchoWebServiceClient.m */ = {isa = PBXFileReference; fileEncoding = 4; lastKnownFileType = sourcecode.c.objc; path = EchoWebServiceClient.m; sourceTree = "<group>"; };
		F0A535061CDCCC9200A6D83A /* EchoWebServiceClient.h */ = {isa = PBXFileReference; explicitFileType = sourcecode.c.objc; path = EchoWebServiceClient.h; sourceTree = "<group>"; };
		F0B487E31CDCF43600C6AE6C /* MessageCell.h */ = {isa = PBXFileReference; fileEncoding = 4; lastKnownFileType = sourcecode.c.h; path = MessageCell.h; sourceTree = "<group>"; };
		F0B487E41CDCF43600C6AE6C /* MessageCell.m */ = {isa = PBXFileReference; fileEncoding = 4; lastKnownFileType = sourcecode.c.objc; path = MessageCell.m; sourceTree = "<group>"; };
		F0B487E61CDD2DE200C6AE6C /* EchoWebSocketClient.h */ = {isa = PBXFileReference; fileEncoding = 4; lastKnownFileType = sourcecode.c.h; path = EchoWebSocketClient.h; sourceTree = "<group>"; };
		F0B487E71CDD2DE200C6AE6C /* EchoWebSocketClient.m */ = {isa = PBXFileReference; fileEncoding = 4; lastKnownFileType = sourcecode.c.objc; path = EchoWebSocketClient.m; sourceTree = "<group>"; };
		F0B487E91CDD3CC900C6AE6C /* Participant+CoreDataProperties.h */ = {isa = PBXFileReference; fileEncoding = 4; lastKnownFileType = sourcecode.c.h; path = "Participant+CoreDataProperties.h"; sourceTree = "<group>"; };
		F0B487EA1CDD3CC900C6AE6C /* Participant+CoreDataProperties.m */ = {isa = PBXFileReference; fileEncoding = 4; lastKnownFileType = sourcecode.c.objc; path = "Participant+CoreDataProperties.m"; sourceTree = "<group>"; };
		F0B487EB1CDD3CC900C6AE6C /* Participant.h */ = {isa = PBXFileReference; fileEncoding = 4; lastKnownFileType = sourcecode.c.h; path = Participant.h; sourceTree = "<group>"; };
		F0B487EC1CDD3CC900C6AE6C /* Participant.m */ = {isa = PBXFileReference; fileEncoding = 4; lastKnownFileType = sourcecode.c.objc; path = Participant.m; sourceTree = "<group>"; };
		F0B487F51CDD4D3900C6AE6C /* MessageInputView.h */ = {isa = PBXFileReference; fileEncoding = 4; lastKnownFileType = sourcecode.c.h; path = MessageInputView.h; sourceTree = "<group>"; };
		F0B487F61CDD4D3900C6AE6C /* MessageInputView.m */ = {isa = PBXFileReference; fileEncoding = 4; lastKnownFileType = sourcecode.c.objc; path = MessageInputView.m; sourceTree = "<group>"; };
		F0B487F81CDD50D500C6AE6C /* MessageTableView.h */ = {isa = PBXFileReference; fileEncoding = 4; lastKnownFileType = sourcecode.c.h; path = MessageTableView.h; sourceTree = "<group>"; };
		F0B487F91CDD50D500C6AE6C /* MessageTableView.m */ = {isa = PBXFileReference; fileEncoding = 4; lastKnownFileType = sourcecode.c.objc; path = MessageTableView.m; sourceTree = "<group>"; };
		F0B487FB1CDD629000C6AE6C /* Session.h */ = {isa = PBXFileReference; fileEncoding = 4; lastKnownFileType = sourcecode.c.h; path = Session.h; sourceTree = "<group>"; };
		F0B487FC1CDD629000C6AE6C /* Session.m */ = {isa = PBXFileReference; fileEncoding = 4; lastKnownFileType = sourcecode.c.objc; path = Session.m; sourceTree = "<group>"; };
		F0B487FE1CDE3C1000C6AE6C /* Message+CoreDataProperties.h */ = {isa = PBXFileReference; fileEncoding = 4; lastKnownFileType = sourcecode.c.h; path = "Message+CoreDataProperties.h"; sourceTree = "<group>"; };
		F0B487FF1CDE3C1000C6AE6C /* Message+CoreDataProperties.m */ = {isa = PBXFileReference; fileEncoding = 4; lastKnownFileType = sourcecode.c.objc; path = "Message+CoreDataProperties.m"; sourceTree = "<group>"; };
		F0B488001CDE3C1000C6AE6C /* Message.h */ = {isa = PBXFileReference; fileEncoding = 4; lastKnownFileType = sourcecode.c.h; path = Message.h; sourceTree = "<group>"; };
		F0B488011CDE3C1000C6AE6C /* Message.m */ = {isa = PBXFileReference; fileEncoding = 4; lastKnownFileType = sourcecode.c.objc; path = Message.m; sourceTree = "<group>"; };
		F0B488041CDEAE5800C6AE6C /* EchoButtonPrimary.h */ = {isa = PBXFileReference; fileEncoding = 4; lastKnownFileType = sourcecode.c.h; path = EchoButtonPrimary.h; sourceTree = "<group>"; };
		F0B488051CDEAE5800C6AE6C /* EchoButtonPrimary.m */ = {isa = PBXFileReference; fileEncoding = 4; lastKnownFileType = sourcecode.c.objc; path = EchoButtonPrimary.m; sourceTree = "<group>"; };
		F0B488071CDEB2D800C6AE6C /* EchoTextFieldForm.h */ = {isa = PBXFileReference; fileEncoding = 4; lastKnownFileType = sourcecode.c.h; path = EchoTextFieldForm.h; sourceTree = "<group>"; };
		F0B488081CDEB2D800C6AE6C /* EchoTextFieldForm.m */ = {isa = PBXFileReference; fileEncoding = 4; lastKnownFileType = sourcecode.c.objc; path = EchoTextFieldForm.m; sourceTree = "<group>"; };
		F7B628810CC3D2E56D3ABC36 /* libPods-EchoUITests.a */ = {isa = PBXFileReference; explicitFileType = archive.ar; includeInIndex = 0; path = "libPods-EchoUITests.a"; sourceTree = BUILT_PRODUCTS_DIR; };
/* End PBXFileReference section */

/* Begin PBXFrameworksBuildPhase section */
		F03D25131DE791DA00CD2225 /* Frameworks */ = {
			isa = PBXFrameworksBuildPhase;
			buildActionMask = 2147483647;
			files = (
				33214602A17BD5671F7BA45F /* libPods-Echos-Echo Dev.a in Frameworks */,
			);
			runOnlyForDeploymentPostprocessing = 0;
		};
		F03D253A1DE791E600CD2225 /* Frameworks */ = {
			isa = PBXFrameworksBuildPhase;
			buildActionMask = 2147483647;
			files = (
				CC303BD8A3657CAC288356F1 /* libPods-Echos-Echo Test.a in Frameworks */,
			);
			runOnlyForDeploymentPostprocessing = 0;
		};
		F0A534B61CDB4EEE00A6D83A /* Frameworks */ = {
			isa = PBXFrameworksBuildPhase;
			buildActionMask = 2147483647;
			files = (
				BF0F979282AC4FF8199C54AF /* libPods-Echos-Echo.a in Frameworks */,
			);
			runOnlyForDeploymentPostprocessing = 0;
		};
		F0A534D21CDB4EEE00A6D83A /* Frameworks */ = {
			isa = PBXFrameworksBuildPhase;
			buildActionMask = 2147483647;
			files = (
				8026142ABB51658EF80BD297 /* libPods-EchoTests.a in Frameworks */,
			);
			runOnlyForDeploymentPostprocessing = 0;
		};
		F0A534DD1CDB4EEE00A6D83A /* Frameworks */ = {
			isa = PBXFrameworksBuildPhase;
			buildActionMask = 2147483647;
			files = (
				D85A0530A585B82E8A723DD6 /* libPods-EchoUITests.a in Frameworks */,
			);
			runOnlyForDeploymentPostprocessing = 0;
		};
/* End PBXFrameworksBuildPhase section */

/* Begin PBXGroup section */
		125C9CD68613B4CA72BC91B4 /* Frameworks */ = {
			isa = PBXGroup;
			children = (
				2F7AF849E9AE2A8E253359D7 /* libPods-Echo.a */,
				E43045A1F7A0ECF3AD50F195 /* libPods-EchoTests.a */,
				F7B628810CC3D2E56D3ABC36 /* libPods-EchoUITests.a */,
				0E2D3C666BE071A7AD46186D /* libPods-Echos-Echo.a */,
				2E6A1C2FE1DFDB7AB571C92D /* libPods-Echos-Echo Dev.a */,
				C65E8666E3E8AEF7EFD3E859 /* libPods-Echos-Echo Test.a */,
			);
			name = Frameworks;
			sourceTree = "<group>";
		};
		8E3308BA980608E9E107913D /* Pods */ = {
			isa = PBXGroup;
			children = (
				6E00E309AFF6207E170CF1DC /* Pods-EchoTests.debug.xcconfig */,
				14DE9F9E5C8E6C4A810BAE12 /* Pods-EchoTests.release.xcconfig */,
				BD39D11618E9E6B3C81B4930 /* Pods-EchoUITests.debug.xcconfig */,
				DB0918440761EC51C062E7C5 /* Pods-EchoUITests.release.xcconfig */,
				E3EBC6876F1CB8137887A568 /* Pods-Echo.debug.xcconfig */,
				4215314B0C7A537E9600106D /* Pods-Echo.release.xcconfig */,
				DFCE4DC3EEEA23522CE1750E /* Pods-Echos-Echo.debug.xcconfig */,
				9D100862F4894AC366821057 /* Pods-Echos-Echo.release.xcconfig */,
				74AAF4DDE808C9A78BB44A82 /* Pods-Echos-Echo Dev.debug.xcconfig */,
				7983555997DED165CC0FC8A3 /* Pods-Echos-Echo Dev.release.xcconfig */,
				B790AD6CB83E9690076BA802 /* Pods-Echos-Echo Test.debug.xcconfig */,
				B704F614A2E8676AFD3B1405 /* Pods-Echos-Echo Test.release.xcconfig */,
			);
			name = Pods;
			sourceTree = "<group>";
		};
		F03D24F41DE78ECD00CD2225 /* Utils */ = {
			isa = PBXGroup;
			children = (
				F03D24F51DE78EFC00CD2225 /* Helpers.h */,
				F07446611DEF7DFB00CAEA07 /* EchoTextFieldValidationError.h */,
				F07446621DEF7DFB00CAEA07 /* EchoTextFieldValidationError.m */,
			);
			path = Utils;
			sourceTree = "<group>";
		};
		F03D24F61DE78F3800CD2225 /* Config */ = {
			isa = PBXGroup;
			children = (
				F03D24F71DE78F5900CD2225 /* dev.plist */,
				F03D24F91DE7916C00CD2225 /* test.plist */,
				F03D24FB1DE7917500CD2225 /* prod.plist */,
			);
			path = Config;
			sourceTree = "<group>";
		};
		F0A534B01CDB4EEE00A6D83A = {
			isa = PBXGroup;
			children = (
				F0A534BB1CDB4EEE00A6D83A /* Echo */,
				F0A534D81CDB4EEE00A6D83A /* EchoTests */,
				F0A534E31CDB4EEE00A6D83A /* EchoUITests */,
				F0A534BA1CDB4EEE00A6D83A /* Products */,
				8E3308BA980608E9E107913D /* Pods */,
				125C9CD68613B4CA72BC91B4 /* Frameworks */,
			);
			sourceTree = "<group>";
		};
		F0A534BA1CDB4EEE00A6D83A /* Products */ = {
			isa = PBXGroup;
			children = (
				F0A534B91CDB4EEE00A6D83A /* Echo.app */,
				F0A534D51CDB4EEE00A6D83A /* EchoTests.xctest */,
				F0A534E01CDB4EEE00A6D83A /* EchoUITests.xctest */,
				F03D25221DE791DA00CD2225 /* Echo Dev.app */,
				F03D25491DE791E600CD2225 /* Echo Test.app */,
			);
			name = Products;
			sourceTree = "<group>";
		};
		F0A534BB1CDB4EEE00A6D83A /* Echo */ = {
			isa = PBXGroup;
			children = (
				F03D24F61DE78F3800CD2225 /* Config */,
				F03D24F41DE78ECD00CD2225 /* Utils */,
				F0A535031CDCCC5D00A6D83A /* Client */,
				F0A534FC1CDB535400A6D83A /* Data Model */,
				F0A534F51CDB517600A6D83A /* Resources */,
				F0A534F41CDB510000A6D83A /* View Controllers */,
				F0A534F31CDB50EE00A6D83A /* Views */,
				F0A534BF1CDB4EEE00A6D83A /* AppDelegate.h */,
				F0A534C01CDB4EEE00A6D83A /* AppDelegate.m */,
				F0A534C51CDB4EEE00A6D83A /* Main.storyboard */,
				F0A534CD1CDB4EEE00A6D83A /* LaunchScreen.storyboard */,
				F074466D1DF0E52000CAEA07 /* GoogleService-Info.plist */,
				F0A534BC1CDB4EEE00A6D83A /* Supporting Files */,
			);
			path = Echo;
			sourceTree = "<group>";
		};
		F0A534BC1CDB4EEE00A6D83A /* Supporting Files */ = {
			isa = PBXGroup;
			children = (
				F0A534D01CDB4EEE00A6D83A /* Live-Info.plist */,
				F03D25231DE791DA00CD2225 /* Dev-Info.plist */,
				F03D254A1DE791E600CD2225 /* Test-Info.plist */,
				F0A534BD1CDB4EEE00A6D83A /* main.m */,
			);
			path = "Supporting Files";
			sourceTree = "<group>";
		};
		F0A534D81CDB4EEE00A6D83A /* EchoTests */ = {
			isa = PBXGroup;
			children = (
				F0A534D91CDB4EEE00A6D83A /* EchoTests.m */,
				F0A534DB1CDB4EEE00A6D83A /* Info.plist */,
			);
			path = EchoTests;
			sourceTree = "<group>";
		};
		F0A534E31CDB4EEE00A6D83A /* EchoUITests */ = {
			isa = PBXGroup;
			children = (
				F0A534E41CDB4EEE00A6D83A /* EchoUITests.m */,
				F0A534E61CDB4EEE00A6D83A /* Info.plist */,
			);
			path = EchoUITests;
			sourceTree = "<group>";
		};
		F0A534F31CDB50EE00A6D83A /* Views */ = {
			isa = PBXGroup;
			children = (
				F0B487E31CDCF43600C6AE6C /* MessageCell.h */,
				F0B487E41CDCF43600C6AE6C /* MessageCell.m */,
				F0B487F51CDD4D3900C6AE6C /* MessageInputView.h */,
				F0B487F61CDD4D3900C6AE6C /* MessageInputView.m */,
				F0B487F81CDD50D500C6AE6C /* MessageTableView.h */,
				F0B487F91CDD50D500C6AE6C /* MessageTableView.m */,
				F0B488041CDEAE5800C6AE6C /* EchoButtonPrimary.h */,
				F0B488051CDEAE5800C6AE6C /* EchoButtonPrimary.m */,
				F0B488071CDEB2D800C6AE6C /* EchoTextFieldForm.h */,
				F0B488081CDEB2D800C6AE6C /* EchoTextFieldForm.m */,
			);
			path = Views;
			sourceTree = "<group>";
		};
		F0A534F41CDB510000A6D83A /* View Controllers */ = {
			isa = PBXGroup;
			children = (
				F03D254B1DE7956500CD2225 /* BaseViewController.h */,
				F03D254C1DE7956500CD2225 /* BaseViewController.m */,
				F0A534C21CDB4EEE00A6D83A /* AuthenticationViewController.h */,
				F0A534C31CDB4EEE00A6D83A /* AuthenticationViewController.m */,
				F0A534F61CDB525900A6D83A /* IntroductionViewController.h */,
				F0A534F71CDB525900A6D83A /* IntroductionViewController.m */,
				F0A534F91CDB528800A6D83A /* MessagingViewController.h */,
				F0A534FA1CDB528800A6D83A /* MessagingViewController.m */,
			);
			path = "View Controllers";
			sourceTree = "<group>";
		};
		F0A534F51CDB517600A6D83A /* Resources */ = {
			isa = PBXGroup;
			children = (
				F0A534CB1CDB4EEE00A6D83A /* Assets.xcassets */,
				F0A534C81CDB4EEE00A6D83A /* Echo.xcdatamodeld */,
			);
			path = Resources;
			sourceTree = "<group>";
		};
		F0A534FC1CDB535400A6D83A /* Data Model */ = {
			isa = PBXGroup;
			children = (
				F0B487E91CDD3CC900C6AE6C /* Participant+CoreDataProperties.h */,
				F0B487EA1CDD3CC900C6AE6C /* Participant+CoreDataProperties.m */,
				F0B487EB1CDD3CC900C6AE6C /* Participant.h */,
				F0B487EC1CDD3CC900C6AE6C /* Participant.m */,
				F0B487FB1CDD629000C6AE6C /* Session.h */,
				F0B487FC1CDD629000C6AE6C /* Session.m */,
				F0B487FE1CDE3C1000C6AE6C /* Message+CoreDataProperties.h */,
				F0B487FF1CDE3C1000C6AE6C /* Message+CoreDataProperties.m */,
				F0B488001CDE3C1000C6AE6C /* Message.h */,
				F0B488011CDE3C1000C6AE6C /* Message.m */,
			);
			path = "Data Model";
			sourceTree = "<group>";
		};
		F0A535031CDCCC5D00A6D83A /* Client */ = {
			isa = PBXGroup;
			children = (
				F0A535061CDCCC9200A6D83A /* EchoWebServiceClient.h */,
				F0A535041CDCCC7F00A6D83A /* EchoWebServiceClient.m */,
				F0B487E61CDD2DE200C6AE6C /* EchoWebSocketClient.h */,
				F0B487E71CDD2DE200C6AE6C /* EchoWebSocketClient.m */,
			);
			path = Client;
			sourceTree = "<group>";
		};
/* End PBXGroup section */

/* Begin PBXNativeTarget section */
		F03D24FD1DE791DA00CD2225 /* Echo Dev */ = {
			isa = PBXNativeTarget;
			buildConfigurationList = F03D251F1DE791DA00CD2225 /* Build configuration list for PBXNativeTarget "Echo Dev" */;
			buildPhases = (
				F03D24FE1DE791DA00CD2225 /* [CP] Check Pods Manifest.lock */,
				F03D24FF1DE791DA00CD2225 /* Sources */,
				F03D25131DE791DA00CD2225 /* Frameworks */,
				F03D25151DE791DA00CD2225 /* Resources */,
				F03D251C1DE791DA00CD2225 /* [CP] Embed Pods Frameworks */,
				F03D251D1DE791DA00CD2225 /* [CP] Copy Pods Resources */,
				F03D251E1DE791DA00CD2225 /* Fabric Script */,
			);
			buildRules = (
			);
			dependencies = (
			);
			name = "Echo Dev";
			productName = Echo;
			productReference = F03D25221DE791DA00CD2225 /* Echo Dev.app */;
			productType = "com.apple.product-type.application";
		};
		F03D25241DE791E600CD2225 /* Echo Test */ = {
			isa = PBXNativeTarget;
			buildConfigurationList = F03D25461DE791E600CD2225 /* Build configuration list for PBXNativeTarget "Echo Test" */;
			buildPhases = (
				F03D25251DE791E600CD2225 /* [CP] Check Pods Manifest.lock */,
				F03D25261DE791E600CD2225 /* Sources */,
				F03D253A1DE791E600CD2225 /* Frameworks */,
				F03D253C1DE791E600CD2225 /* Resources */,
				F03D25431DE791E600CD2225 /* [CP] Embed Pods Frameworks */,
				F03D25441DE791E600CD2225 /* [CP] Copy Pods Resources */,
				F03D25451DE791E600CD2225 /* Fabric Script */,
			);
			buildRules = (
			);
			dependencies = (
			);
			name = "Echo Test";
			productName = Echo;
			productReference = F03D25491DE791E600CD2225 /* Echo Test.app */;
			productType = "com.apple.product-type.application";
		};
		F0A534B81CDB4EEE00A6D83A /* Echo */ = {
			isa = PBXNativeTarget;
			buildConfigurationList = F0A534E91CDB4EEE00A6D83A /* Build configuration list for PBXNativeTarget "Echo" */;
			buildPhases = (
				DDC9DCB601751FAA599FCBC0 /* [CP] Check Pods Manifest.lock */,
				F0A534B51CDB4EEE00A6D83A /* Sources */,
				F0A534B61CDB4EEE00A6D83A /* Frameworks */,
				F0A534B71CDB4EEE00A6D83A /* Resources */,
				AFFBAEB31B0DB6C4FD7FA447 /* [CP] Embed Pods Frameworks */,
				8230408EEB99FAD5F65C72AC /* [CP] Copy Pods Resources */,
				F0A534F21CDB4FFD00A6D83A /* Fabric Script */,
			);
			buildRules = (
			);
			dependencies = (
			);
			name = Echo;
			productName = Echo;
			productReference = F0A534B91CDB4EEE00A6D83A /* Echo.app */;
			productType = "com.apple.product-type.application";
		};
		F0A534D41CDB4EEE00A6D83A /* EchoTests */ = {
			isa = PBXNativeTarget;
			buildConfigurationList = F0A534EC1CDB4EEE00A6D83A /* Build configuration list for PBXNativeTarget "EchoTests" */;
			buildPhases = (
				D6FFA778EF0CE50BA46F2D95 /* [CP] Check Pods Manifest.lock */,
				F0A534D11CDB4EEE00A6D83A /* Sources */,
				F0A534D21CDB4EEE00A6D83A /* Frameworks */,
				F0A534D31CDB4EEE00A6D83A /* Resources */,
				3DB36749F4A7C9697712A874 /* [CP] Embed Pods Frameworks */,
				A42D41C3905554DEF8B43892 /* [CP] Copy Pods Resources */,
			);
			buildRules = (
			);
			dependencies = (
				F0A534D71CDB4EEE00A6D83A /* PBXTargetDependency */,
			);
			name = EchoTests;
			productName = EchoTests;
			productReference = F0A534D51CDB4EEE00A6D83A /* EchoTests.xctest */;
			productType = "com.apple.product-type.bundle.unit-test";
		};
		F0A534DF1CDB4EEE00A6D83A /* EchoUITests */ = {
			isa = PBXNativeTarget;
			buildConfigurationList = F0A534EF1CDB4EEE00A6D83A /* Build configuration list for PBXNativeTarget "EchoUITests" */;
			buildPhases = (
				42E506F82EA5669D77AAC246 /* [CP] Check Pods Manifest.lock */,
				F0A534DC1CDB4EEE00A6D83A /* Sources */,
				F0A534DD1CDB4EEE00A6D83A /* Frameworks */,
				F0A534DE1CDB4EEE00A6D83A /* Resources */,
				A572443FBC379B1AD4D175A3 /* [CP] Copy Pods Resources */,
			);
			buildRules = (
			);
			dependencies = (
				F0A534E21CDB4EEE00A6D83A /* PBXTargetDependency */,
			);
			name = EchoUITests;
			productName = EchoUITests;
			productReference = F0A534E01CDB4EEE00A6D83A /* EchoUITests.xctest */;
			productType = "com.apple.product-type.bundle.ui-testing";
		};
/* End PBXNativeTarget section */

/* Begin PBXProject section */
		F0A534B11CDB4EEE00A6D83A /* Project object */ = {
			isa = PBXProject;
			attributes = {
				LastUpgradeCheck = 0730;
				ORGANIZATIONNAME = JonnyPower;
				TargetAttributes = {
					F03D24FD1DE791DA00CD2225 = {
						DevelopmentTeam = 2BV6C6KZ69;
						SystemCapabilities = {
							com.apple.Push = {
								enabled = 1;
							};
						};
					};
					F03D25241DE791E600CD2225 = {
						DevelopmentTeam = 2BV6C6KZ69;
						SystemCapabilities = {
							com.apple.Push = {
								enabled = 1;
							};
						};
					};
					F0A534B81CDB4EEE00A6D83A = {
						CreatedOnToolsVersion = 7.3;
						DevelopmentTeam = 2BV6C6KZ69;
						SystemCapabilities = {
							com.apple.Push = {
								enabled = 1;
							};
						};
					};
					F0A534D41CDB4EEE00A6D83A = {
						CreatedOnToolsVersion = 7.3;
						TestTargetID = F0A534B81CDB4EEE00A6D83A;
					};
					F0A534DF1CDB4EEE00A6D83A = {
						CreatedOnToolsVersion = 7.3;
						TestTargetID = F0A534B81CDB4EEE00A6D83A;
					};
				};
			};
			buildConfigurationList = F0A534B41CDB4EEE00A6D83A /* Build configuration list for PBXProject "Echo" */;
			compatibilityVersion = "Xcode 3.2";
			developmentRegion = English;
			hasScannedForEncodings = 0;
			knownRegions = (
				en,
				Base,
			);
			mainGroup = F0A534B01CDB4EEE00A6D83A;
			productRefGroup = F0A534BA1CDB4EEE00A6D83A /* Products */;
			projectDirPath = "";
			projectRoot = "";
			targets = (
				F0A534B81CDB4EEE00A6D83A /* Echo */,
				F03D25241DE791E600CD2225 /* Echo Test */,
				F03D24FD1DE791DA00CD2225 /* Echo Dev */,
				F0A534D41CDB4EEE00A6D83A /* EchoTests */,
				F0A534DF1CDB4EEE00A6D83A /* EchoUITests */,
			);
		};
/* End PBXProject section */

/* Begin PBXResourcesBuildPhase section */
		F03D25151DE791DA00CD2225 /* Resources */ = {
			isa = PBXResourcesBuildPhase;
			buildActionMask = 2147483647;
			files = (
				F03D25161DE791DA00CD2225 /* LaunchScreen.storyboard in Resources */,
				F03D25171DE791DA00CD2225 /* prod.plist in Resources */,
				F03D25181DE791DA00CD2225 /* Assets.xcassets in Resources */,
				F03D25191DE791DA00CD2225 /* dev.plist in Resources */,
				F03D251A1DE791DA00CD2225 /* test.plist in Resources */,
				F03D251B1DE791DA00CD2225 /* Main.storyboard in Resources */,
				F07446701DF0E52000CAEA07 /* GoogleService-Info.plist in Resources */,
			);
			runOnlyForDeploymentPostprocessing = 0;
		};
		F03D253C1DE791E600CD2225 /* Resources */ = {
			isa = PBXResourcesBuildPhase;
			buildActionMask = 2147483647;
			files = (
				F03D253D1DE791E600CD2225 /* LaunchScreen.storyboard in Resources */,
				F03D253E1DE791E600CD2225 /* prod.plist in Resources */,
				F03D253F1DE791E600CD2225 /* Assets.xcassets in Resources */,
				F03D25401DE791E600CD2225 /* dev.plist in Resources */,
				F03D25411DE791E600CD2225 /* test.plist in Resources */,
				F03D25421DE791E600CD2225 /* Main.storyboard in Resources */,
				F074466F1DF0E52000CAEA07 /* GoogleService-Info.plist in Resources */,
			);
			runOnlyForDeploymentPostprocessing = 0;
		};
		F0A534B71CDB4EEE00A6D83A /* Resources */ = {
			isa = PBXResourcesBuildPhase;
			buildActionMask = 2147483647;
			files = (
				F0A534CF1CDB4EEE00A6D83A /* LaunchScreen.storyboard in Resources */,
				F03D24FC1DE7917500CD2225 /* prod.plist in Resources */,
				F0A534CC1CDB4EEE00A6D83A /* Assets.xcassets in Resources */,
				F03D24F81DE78F5900CD2225 /* dev.plist in Resources */,
				F03D24FA1DE7916C00CD2225 /* test.plist in Resources */,
				F0A534C71CDB4EEE00A6D83A /* Main.storyboard in Resources */,
				F074466E1DF0E52000CAEA07 /* GoogleService-Info.plist in Resources */,
			);
			runOnlyForDeploymentPostprocessing = 0;
		};
		F0A534D31CDB4EEE00A6D83A /* Resources */ = {
			isa = PBXResourcesBuildPhase;
			buildActionMask = 2147483647;
			files = (
			);
			runOnlyForDeploymentPostprocessing = 0;
		};
		F0A534DE1CDB4EEE00A6D83A /* Resources */ = {
			isa = PBXResourcesBuildPhase;
			buildActionMask = 2147483647;
			files = (
			);
			runOnlyForDeploymentPostprocessing = 0;
		};
/* End PBXResourcesBuildPhase section */

/* Begin PBXShellScriptBuildPhase section */
		3DB36749F4A7C9697712A874 /* [CP] Embed Pods Frameworks */ = {
			isa = PBXShellScriptBuildPhase;
			buildActionMask = 2147483647;
			files = (
			);
			inputPaths = (
			);
			name = "[CP] Embed Pods Frameworks";
			outputPaths = (
			);
			runOnlyForDeploymentPostprocessing = 0;
			shellPath = /bin/sh;
			shellScript = "\"${SRCROOT}/Pods/Target Support Files/Pods-EchoTests/Pods-EchoTests-frameworks.sh\"\n";
			showEnvVarsInLog = 0;
		};
		42E506F82EA5669D77AAC246 /* [CP] Check Pods Manifest.lock */ = {
			isa = PBXShellScriptBuildPhase;
			buildActionMask = 2147483647;
			files = (
			);
			inputPaths = (
			);
			name = "[CP] Check Pods Manifest.lock";
			outputPaths = (
			);
			runOnlyForDeploymentPostprocessing = 0;
			shellPath = /bin/sh;
			shellScript = "diff \"${PODS_ROOT}/../Podfile.lock\" \"${PODS_ROOT}/Manifest.lock\" > /dev/null\nif [[ $? != 0 ]] ; then\n    cat << EOM\nerror: The sandbox is not in sync with the Podfile.lock. Run 'pod install' or update your CocoaPods installation.\nEOM\n    exit 1\nfi\n";
			showEnvVarsInLog = 0;
		};
		8230408EEB99FAD5F65C72AC /* [CP] Copy Pods Resources */ = {
			isa = PBXShellScriptBuildPhase;
			buildActionMask = 2147483647;
			files = (
			);
			inputPaths = (
			);
			name = "[CP] Copy Pods Resources";
			outputPaths = (
			);
			runOnlyForDeploymentPostprocessing = 0;
			shellPath = /bin/sh;
			shellScript = "\"${SRCROOT}/Pods/Target Support Files/Pods-Echos-Echo/Pods-Echos-Echo-resources.sh\"\n";
			showEnvVarsInLog = 0;
		};
		A42D41C3905554DEF8B43892 /* [CP] Copy Pods Resources */ = {
			isa = PBXShellScriptBuildPhase;
			buildActionMask = 2147483647;
			files = (
			);
			inputPaths = (
			);
			name = "[CP] Copy Pods Resources";
			outputPaths = (
			);
			runOnlyForDeploymentPostprocessing = 0;
			shellPath = /bin/sh;
			shellScript = "\"${SRCROOT}/Pods/Target Support Files/Pods-EchoTests/Pods-EchoTests-resources.sh\"\n";
			showEnvVarsInLog = 0;
		};
		A572443FBC379B1AD4D175A3 /* [CP] Copy Pods Resources */ = {
			isa = PBXShellScriptBuildPhase;
			buildActionMask = 2147483647;
			files = (
			);
			inputPaths = (
			);
			name = "[CP] Copy Pods Resources";
			outputPaths = (
			);
			runOnlyForDeploymentPostprocessing = 0;
			shellPath = /bin/sh;
			shellScript = "\"${SRCROOT}/Pods/Target Support Files/Pods-EchoUITests/Pods-EchoUITests-resources.sh\"\n";
			showEnvVarsInLog = 0;
		};
		AFFBAEB31B0DB6C4FD7FA447 /* [CP] Embed Pods Frameworks */ = {
			isa = PBXShellScriptBuildPhase;
			buildActionMask = 2147483647;
			files = (
			);
			inputPaths = (
			);
			name = "[CP] Embed Pods Frameworks";
			outputPaths = (
			);
			runOnlyForDeploymentPostprocessing = 0;
			shellPath = /bin/sh;
			shellScript = "\"${SRCROOT}/Pods/Target Support Files/Pods-Echos-Echo/Pods-Echos-Echo-frameworks.sh\"\n";
			showEnvVarsInLog = 0;
		};
		D6FFA778EF0CE50BA46F2D95 /* [CP] Check Pods Manifest.lock */ = {
			isa = PBXShellScriptBuildPhase;
			buildActionMask = 2147483647;
			files = (
			);
			inputPaths = (
			);
			name = "[CP] Check Pods Manifest.lock";
			outputPaths = (
			);
			runOnlyForDeploymentPostprocessing = 0;
			shellPath = /bin/sh;
			shellScript = "diff \"${PODS_ROOT}/../Podfile.lock\" \"${PODS_ROOT}/Manifest.lock\" > /dev/null\nif [[ $? != 0 ]] ; then\n    cat << EOM\nerror: The sandbox is not in sync with the Podfile.lock. Run 'pod install' or update your CocoaPods installation.\nEOM\n    exit 1\nfi\n";
			showEnvVarsInLog = 0;
		};
		DDC9DCB601751FAA599FCBC0 /* [CP] Check Pods Manifest.lock */ = {
			isa = PBXShellScriptBuildPhase;
			buildActionMask = 2147483647;
			files = (
			);
			inputPaths = (
			);
			name = "[CP] Check Pods Manifest.lock";
			outputPaths = (
			);
			runOnlyForDeploymentPostprocessing = 0;
			shellPath = /bin/sh;
			shellScript = "diff \"${PODS_ROOT}/../Podfile.lock\" \"${PODS_ROOT}/Manifest.lock\" > /dev/null\nif [[ $? != 0 ]] ; then\n    cat << EOM\nerror: The sandbox is not in sync with the Podfile.lock. Run 'pod install' or update your CocoaPods installation.\nEOM\n    exit 1\nfi\n";
			showEnvVarsInLog = 0;
		};
		F03D24FE1DE791DA00CD2225 /* [CP] Check Pods Manifest.lock */ = {
			isa = PBXShellScriptBuildPhase;
			buildActionMask = 2147483647;
			files = (
			);
			inputPaths = (
			);
			name = "[CP] Check Pods Manifest.lock";
			outputPaths = (
			);
			runOnlyForDeploymentPostprocessing = 0;
			shellPath = /bin/sh;
			shellScript = "diff \"${PODS_ROOT}/../Podfile.lock\" \"${PODS_ROOT}/Manifest.lock\" > /dev/null\nif [[ $? != 0 ]] ; then\n    cat << EOM\nerror: The sandbox is not in sync with the Podfile.lock. Run 'pod install' or update your CocoaPods installation.\nEOM\n    exit 1\nfi\n";
			showEnvVarsInLog = 0;
		};
		F03D251C1DE791DA00CD2225 /* [CP] Embed Pods Frameworks */ = {
			isa = PBXShellScriptBuildPhase;
			buildActionMask = 2147483647;
			files = (
			);
			inputPaths = (
			);
			name = "[CP] Embed Pods Frameworks";
			outputPaths = (
			);
			runOnlyForDeploymentPostprocessing = 0;
			shellPath = /bin/sh;
			shellScript = "\"${SRCROOT}/Pods/Target Support Files/Pods-Echos-Echo Dev/Pods-Echos-Echo Dev-frameworks.sh\"\n";
			showEnvVarsInLog = 0;
		};
		F03D251D1DE791DA00CD2225 /* [CP] Copy Pods Resources */ = {
			isa = PBXShellScriptBuildPhase;
			buildActionMask = 2147483647;
			files = (
			);
			inputPaths = (
			);
			name = "[CP] Copy Pods Resources";
			outputPaths = (
			);
			runOnlyForDeploymentPostprocessing = 0;
			shellPath = /bin/sh;
			shellScript = "\"${SRCROOT}/Pods/Target Support Files/Pods-Echos-Echo Dev/Pods-Echos-Echo Dev-resources.sh\"\n";
			showEnvVarsInLog = 0;
		};
		F03D251E1DE791DA00CD2225 /* Fabric Script */ = {
			isa = PBXShellScriptBuildPhase;
			buildActionMask = 2147483647;
			files = (
			);
			inputPaths = (
			);
			name = "Fabric Script";
			outputPaths = (
			);
			runOnlyForDeploymentPostprocessing = 0;
			shellPath = /bin/sh;
			shellScript = "\"${PODS_ROOT}/Fabric/run\" e883a81a8a69e429ec43059ff10c6a91b34ebb56 fb97e7e93bec2fdcb9da4527b62be08db9266c9ccdc5cb63c4cbe8ef05aa8d2a";
		};
		F03D25251DE791E600CD2225 /* [CP] Check Pods Manifest.lock */ = {
			isa = PBXShellScriptBuildPhase;
			buildActionMask = 2147483647;
			files = (
			);
			inputPaths = (
			);
			name = "[CP] Check Pods Manifest.lock";
			outputPaths = (
			);
			runOnlyForDeploymentPostprocessing = 0;
			shellPath = /bin/sh;
			shellScript = "diff \"${PODS_ROOT}/../Podfile.lock\" \"${PODS_ROOT}/Manifest.lock\" > /dev/null\nif [[ $? != 0 ]] ; then\n    cat << EOM\nerror: The sandbox is not in sync with the Podfile.lock. Run 'pod install' or update your CocoaPods installation.\nEOM\n    exit 1\nfi\n";
			showEnvVarsInLog = 0;
		};
		F03D25431DE791E600CD2225 /* [CP] Embed Pods Frameworks */ = {
			isa = PBXShellScriptBuildPhase;
			buildActionMask = 2147483647;
			files = (
			);
			inputPaths = (
			);
			name = "[CP] Embed Pods Frameworks";
			outputPaths = (
			);
			runOnlyForDeploymentPostprocessing = 0;
			shellPath = /bin/sh;
			shellScript = "\"${SRCROOT}/Pods/Target Support Files/Pods-Echos-Echo Test/Pods-Echos-Echo Test-frameworks.sh\"\n";
			showEnvVarsInLog = 0;
		};
		F03D25441DE791E600CD2225 /* [CP] Copy Pods Resources */ = {
			isa = PBXShellScriptBuildPhase;
			buildActionMask = 2147483647;
			files = (
			);
			inputPaths = (
			);
			name = "[CP] Copy Pods Resources";
			outputPaths = (
			);
			runOnlyForDeploymentPostprocessing = 0;
			shellPath = /bin/sh;
			shellScript = "\"${SRCROOT}/Pods/Target Support Files/Pods-Echos-Echo Test/Pods-Echos-Echo Test-resources.sh\"\n";
			showEnvVarsInLog = 0;
		};
		F03D25451DE791E600CD2225 /* Fabric Script */ = {
			isa = PBXShellScriptBuildPhase;
			buildActionMask = 2147483647;
			files = (
			);
			inputPaths = (
			);
			name = "Fabric Script";
			outputPaths = (
			);
			runOnlyForDeploymentPostprocessing = 0;
			shellPath = /bin/sh;
			shellScript = "\"${PODS_ROOT}/Fabric/run\" e883a81a8a69e429ec43059ff10c6a91b34ebb56 fb97e7e93bec2fdcb9da4527b62be08db9266c9ccdc5cb63c4cbe8ef05aa8d2a";
		};
		F0A534F21CDB4FFD00A6D83A /* Fabric Script */ = {
			isa = PBXShellScriptBuildPhase;
			buildActionMask = 2147483647;
			files = (
			);
			inputPaths = (
			);
			name = "Fabric Script";
			outputPaths = (
			);
			runOnlyForDeploymentPostprocessing = 0;
			shellPath = /bin/sh;
			shellScript = "\"${PODS_ROOT}/Fabric/run\" e883a81a8a69e429ec43059ff10c6a91b34ebb56 fb97e7e93bec2fdcb9da4527b62be08db9266c9ccdc5cb63c4cbe8ef05aa8d2a";
		};
/* End PBXShellScriptBuildPhase section */

/* Begin PBXSourcesBuildPhase section */
		F03D24FF1DE791DA00CD2225 /* Sources */ = {
			isa = PBXSourcesBuildPhase;
			buildActionMask = 2147483647;
			files = (
				F03D25001DE791DA00CD2225 /* MessageInputView.m in Sources */,
				F03D254F1DE7956500CD2225 /* BaseViewController.m in Sources */,
				F03D25011DE791DA00CD2225 /* MessageTableView.m in Sources */,
				F03D25021DE791DA00CD2225 /* Echo.xcdatamodeld in Sources */,
				F03D25031DE791DA00CD2225 /* Session.m in Sources */,
				F03D25041DE791DA00CD2225 /* MessagingViewController.m in Sources */,
				F03D25051DE791DA00CD2225 /* IntroductionViewController.m in Sources */,
				F03D25061DE791DA00CD2225 /* EchoWebServiceClient.m in Sources */,
				F03D25071DE791DA00CD2225 /* Message+CoreDataProperties.m in Sources */,
				F03D25081DE791DA00CD2225 /* AuthenticationViewController.m in Sources */,
				F03D25091DE791DA00CD2225 /* AppDelegate.m in Sources */,
				F03D250A1DE791DA00CD2225 /* MessageCell.m in Sources */,
				F03D250B1DE791DA00CD2225 /* EchoWebSocketClient.m in Sources */,
				F03D250C1DE791DA00CD2225 /* main.m in Sources */,
				F03D250D1DE791DA00CD2225 /* Message.m in Sources */,
				F07446651DEF7DFB00CAEA07 /* EchoTextFieldValidationError.m in Sources */,
				F03D250E1DE791DA00CD2225 /* EchoWebServiceClient.h in Sources */,
				F03D250F1DE791DA00CD2225 /* EchoTextFieldForm.m in Sources */,
				F03D25101DE791DA00CD2225 /* Participant+CoreDataProperties.m in Sources */,
				F03D25111DE791DA00CD2225 /* Participant.m in Sources */,
				F03D25121DE791DA00CD2225 /* EchoButtonPrimary.m in Sources */,
			);
			runOnlyForDeploymentPostprocessing = 0;
		};
		F03D25261DE791E600CD2225 /* Sources */ = {
			isa = PBXSourcesBuildPhase;
			buildActionMask = 2147483647;
			files = (
				F03D25271DE791E600CD2225 /* MessageInputView.m in Sources */,
				F03D254E1DE7956500CD2225 /* BaseViewController.m in Sources */,
				F03D25281DE791E600CD2225 /* MessageTableView.m in Sources */,
				F03D25291DE791E600CD2225 /* Echo.xcdatamodeld in Sources */,
				F03D252A1DE791E600CD2225 /* Session.m in Sources */,
				F03D252B1DE791E600CD2225 /* MessagingViewController.m in Sources */,
				F03D252C1DE791E600CD2225 /* IntroductionViewController.m in Sources */,
				F03D252D1DE791E600CD2225 /* EchoWebServiceClient.m in Sources */,
				F03D252E1DE791E600CD2225 /* Message+CoreDataProperties.m in Sources */,
				F03D252F1DE791E600CD2225 /* AuthenticationViewController.m in Sources */,
				F03D25301DE791E600CD2225 /* AppDelegate.m in Sources */,
				F03D25311DE791E600CD2225 /* MessageCell.m in Sources */,
				F03D25321DE791E600CD2225 /* EchoWebSocketClient.m in Sources */,
				F03D25331DE791E600CD2225 /* main.m in Sources */,
				F03D25341DE791E600CD2225 /* Message.m in Sources */,
				F07446641DEF7DFB00CAEA07 /* EchoTextFieldValidationError.m in Sources */,
				F03D25351DE791E600CD2225 /* EchoWebServiceClient.h in Sources */,
				F03D25361DE791E600CD2225 /* EchoTextFieldForm.m in Sources */,
				F03D25371DE791E600CD2225 /* Participant+CoreDataProperties.m in Sources */,
				F03D25381DE791E600CD2225 /* Participant.m in Sources */,
				F03D25391DE791E600CD2225 /* EchoButtonPrimary.m in Sources */,
			);
			runOnlyForDeploymentPostprocessing = 0;
		};
		F0A534B51CDB4EEE00A6D83A /* Sources */ = {
			isa = PBXSourcesBuildPhase;
			buildActionMask = 2147483647;
			files = (
				F0B487F71CDD4D3900C6AE6C /* MessageInputView.m in Sources */,
				F03D254D1DE7956500CD2225 /* BaseViewController.m in Sources */,
				F0B487FA1CDD50D500C6AE6C /* MessageTableView.m in Sources */,
				F0A534CA1CDB4EEE00A6D83A /* Echo.xcdatamodeld in Sources */,
				F0B487FD1CDD629000C6AE6C /* Session.m in Sources */,
				F0A534FB1CDB528800A6D83A /* MessagingViewController.m in Sources */,
				F0A534F81CDB525900A6D83A /* IntroductionViewController.m in Sources */,
				F0A535051CDCCC7F00A6D83A /* EchoWebServiceClient.m in Sources */,
				F0B488021CDE3C1000C6AE6C /* Message+CoreDataProperties.m in Sources */,
				F0A534C41CDB4EEE00A6D83A /* AuthenticationViewController.m in Sources */,
				F0A534C11CDB4EEE00A6D83A /* AppDelegate.m in Sources */,
				F0B487E51CDCF43600C6AE6C /* MessageCell.m in Sources */,
				F0B487E81CDD2DE200C6AE6C /* EchoWebSocketClient.m in Sources */,
				F0A534BE1CDB4EEE00A6D83A /* main.m in Sources */,
				F0B488031CDE3C1000C6AE6C /* Message.m in Sources */,
				F07446631DEF7DFB00CAEA07 /* EchoTextFieldValidationError.m in Sources */,
				F0A535071CDCCDD900A6D83A /* EchoWebServiceClient.h in Sources */,
				F0B488091CDEB2D800C6AE6C /* EchoTextFieldForm.m in Sources */,
				F0B487F11CDD3CC900C6AE6C /* Participant+CoreDataProperties.m in Sources */,
				F0B487F21CDD3CC900C6AE6C /* Participant.m in Sources */,
				F0B488061CDEAE5800C6AE6C /* EchoButtonPrimary.m in Sources */,
			);
			runOnlyForDeploymentPostprocessing = 0;
		};
		F0A534D11CDB4EEE00A6D83A /* Sources */ = {
			isa = PBXSourcesBuildPhase;
			buildActionMask = 2147483647;
			files = (
				F0A534DA1CDB4EEE00A6D83A /* EchoTests.m in Sources */,
			);
			runOnlyForDeploymentPostprocessing = 0;
		};
		F0A534DC1CDB4EEE00A6D83A /* Sources */ = {
			isa = PBXSourcesBuildPhase;
			buildActionMask = 2147483647;
			files = (
				F0A534E51CDB4EEE00A6D83A /* EchoUITests.m in Sources */,
			);
			runOnlyForDeploymentPostprocessing = 0;
		};
/* End PBXSourcesBuildPhase section */

/* Begin PBXTargetDependency section */
		F0A534D71CDB4EEE00A6D83A /* PBXTargetDependency */ = {
			isa = PBXTargetDependency;
			target = F0A534B81CDB4EEE00A6D83A /* Echo */;
			targetProxy = F0A534D61CDB4EEE00A6D83A /* PBXContainerItemProxy */;
		};
		F0A534E21CDB4EEE00A6D83A /* PBXTargetDependency */ = {
			isa = PBXTargetDependency;
			target = F0A534B81CDB4EEE00A6D83A /* Echo */;
			targetProxy = F0A534E11CDB4EEE00A6D83A /* PBXContainerItemProxy */;
		};
/* End PBXTargetDependency section */

/* Begin PBXVariantGroup section */
		F0A534C51CDB4EEE00A6D83A /* Main.storyboard */ = {
			isa = PBXVariantGroup;
			children = (
				F0A534C61CDB4EEE00A6D83A /* Base */,
			);
			name = Main.storyboard;
			sourceTree = "<group>";
		};
		F0A534CD1CDB4EEE00A6D83A /* LaunchScreen.storyboard */ = {
			isa = PBXVariantGroup;
			children = (
				F0A534CE1CDB4EEE00A6D83A /* Base */,
			);
			name = LaunchScreen.storyboard;
			sourceTree = "<group>";
		};
/* End PBXVariantGroup section */

/* Begin XCBuildConfiguration section */
		F03D25201DE791DA00CD2225 /* Debug */ = {
			isa = XCBuildConfiguration;
			baseConfigurationReference = 74AAF4DDE808C9A78BB44A82 /* Pods-Echos-Echo Dev.debug.xcconfig */;
			buildSettings = {
				ASSETCATALOG_COMPILER_APPICON_NAME = AppIcon;
				ENVIRONMENT = dev;
				GCC_PREPROCESSOR_DEFINITIONS = (
					"$(inherited)",
					"COCOAPODS=1",
					"ENVIRONMENT=${ENVIRONMENT}",
				);
				INFOPLIST_FILE = "Echo/Supporting Files/Dev-Info.plist";
				LD_RUNPATH_SEARCH_PATHS = "$(inherited) @executable_path/Frameworks";
				PRODUCT_BUNDLE_IDENTIFIER = com.jonnypower.echo;
				PRODUCT_NAME = "$(TARGET_NAME)";
			};
			name = Debug;
		};
		F03D25211DE791DA00CD2225 /* Release */ = {
			isa = XCBuildConfiguration;
			baseConfigurationReference = 7983555997DED165CC0FC8A3 /* Pods-Echos-Echo Dev.release.xcconfig */;
			buildSettings = {
				ASSETCATALOG_COMPILER_APPICON_NAME = AppIcon;
				ENVIRONMENT = dev;
				GCC_PREPROCESSOR_DEFINITIONS = (
					"$(inherited)",
					"COCOAPODS=1",
					"ENVIRONMENT=${ENVIRONMENT}",
				);
				INFOPLIST_FILE = "Echo/Supporting Files/Dev-Info.plist";
				LD_RUNPATH_SEARCH_PATHS = "$(inherited) @executable_path/Frameworks";
				PRODUCT_BUNDLE_IDENTIFIER = com.jonnypower.echo;
				PRODUCT_NAME = "$(TARGET_NAME)";
			};
			name = Release;
		};
		F03D25471DE791E600CD2225 /* Debug */ = {
			isa = XCBuildConfiguration;
			baseConfigurationReference = B790AD6CB83E9690076BA802 /* Pods-Echos-Echo Test.debug.xcconfig */;
			buildSettings = {
				ASSETCATALOG_COMPILER_APPICON_NAME = AppIcon;
				ENVIRONMENT = test;
				GCC_PREPROCESSOR_DEFINITIONS = (
					"$(inherited)",
					"COCOAPODS=1",
					"ENVIRONMENT=${ENVIRONMENT}",
				);
				INFOPLIST_FILE = "Echo/Supporting Files/Test-Info.plist";
				LD_RUNPATH_SEARCH_PATHS = "$(inherited) @executable_path/Frameworks";
				PRODUCT_BUNDLE_IDENTIFIER = com.jonnypower.echo;
				PRODUCT_NAME = "$(TARGET_NAME)";
			};
			name = Debug;
		};
		F03D25481DE791E600CD2225 /* Release */ = {
			isa = XCBuildConfiguration;
			baseConfigurationReference = B704F614A2E8676AFD3B1405 /* Pods-Echos-Echo Test.release.xcconfig */;
			buildSettings = {
				ASSETCATALOG_COMPILER_APPICON_NAME = AppIcon;
				ENVIRONMENT = test;
				GCC_PREPROCESSOR_DEFINITIONS = (
					"$(inherited)",
					"COCOAPODS=1",
					"ENVIRONMENT=${ENVIRONMENT}",
				);
				INFOPLIST_FILE = "Echo/Supporting Files/Test-Info.plist";
				LD_RUNPATH_SEARCH_PATHS = "$(inherited) @executable_path/Frameworks";
				PRODUCT_BUNDLE_IDENTIFIER = com.jonnypower.echo;
				PRODUCT_NAME = "$(TARGET_NAME)";
			};
			name = Release;
		};
		F0A534E71CDB4EEE00A6D83A /* Debug */ = {
			isa = XCBuildConfiguration;
			buildSettings = {
				ALWAYS_SEARCH_USER_PATHS = NO;
				CLANG_ANALYZER_NONNULL = YES;
				CLANG_CXX_LANGUAGE_STANDARD = "gnu++0x";
				CLANG_CXX_LIBRARY = "libc++";
				CLANG_ENABLE_MODULES = YES;
				CLANG_ENABLE_OBJC_ARC = YES;
				CLANG_WARN_BOOL_CONVERSION = YES;
				CLANG_WARN_CONSTANT_CONVERSION = YES;
				CLANG_WARN_DIRECT_OBJC_ISA_USAGE = YES_ERROR;
				CLANG_WARN_EMPTY_BODY = YES;
				CLANG_WARN_ENUM_CONVERSION = YES;
				CLANG_WARN_INT_CONVERSION = YES;
				CLANG_WARN_OBJC_ROOT_CLASS = YES_ERROR;
				CLANG_WARN_UNREACHABLE_CODE = YES;
				CLANG_WARN__DUPLICATE_METHOD_MATCH = YES;
				"CODE_SIGN_IDENTITY[sdk=iphoneos*]" = "iPhone Developer";
				COPY_PHASE_STRIP = NO;
				DEBUG_INFORMATION_FORMAT = "dwarf-with-dsym";
				ENABLE_STRICT_OBJC_MSGSEND = YES;
				ENABLE_TESTABILITY = YES;
				GCC_C_LANGUAGE_STANDARD = gnu99;
				GCC_DYNAMIC_NO_PIC = NO;
				GCC_NO_COMMON_BLOCKS = YES;
				GCC_OPTIMIZATION_LEVEL = 0;
				GCC_PREPROCESSOR_DEFINITIONS = (
					"DEBUG=1",
					"$(inherited)",
				);
				GCC_WARN_64_TO_32_BIT_CONVERSION = YES;
				GCC_WARN_ABOUT_RETURN_TYPE = YES_ERROR;
				GCC_WARN_UNDECLARED_SELECTOR = YES;
				GCC_WARN_UNINITIALIZED_AUTOS = YES_AGGRESSIVE;
				GCC_WARN_UNUSED_FUNCTION = YES;
				GCC_WARN_UNUSED_VARIABLE = YES;
				IPHONEOS_DEPLOYMENT_TARGET = 9.0;
				MTL_ENABLE_DEBUG_INFO = YES;
				ONLY_ACTIVE_ARCH = YES;
				SDKROOT = iphoneos;
				TARGETED_DEVICE_FAMILY = "1,2";
			};
			name = Debug;
		};
		F0A534E81CDB4EEE00A6D83A /* Release */ = {
			isa = XCBuildConfiguration;
			buildSettings = {
				ALWAYS_SEARCH_USER_PATHS = NO;
				CLANG_ANALYZER_NONNULL = YES;
				CLANG_CXX_LANGUAGE_STANDARD = "gnu++0x";
				CLANG_CXX_LIBRARY = "libc++";
				CLANG_ENABLE_MODULES = YES;
				CLANG_ENABLE_OBJC_ARC = YES;
				CLANG_WARN_BOOL_CONVERSION = YES;
				CLANG_WARN_CONSTANT_CONVERSION = YES;
				CLANG_WARN_DIRECT_OBJC_ISA_USAGE = YES_ERROR;
				CLANG_WARN_EMPTY_BODY = YES;
				CLANG_WARN_ENUM_CONVERSION = YES;
				CLANG_WARN_INT_CONVERSION = YES;
				CLANG_WARN_OBJC_ROOT_CLASS = YES_ERROR;
				CLANG_WARN_UNREACHABLE_CODE = YES;
				CLANG_WARN__DUPLICATE_METHOD_MATCH = YES;
				"CODE_SIGN_IDENTITY[sdk=iphoneos*]" = "iPhone Developer";
				COPY_PHASE_STRIP = NO;
				DEBUG_INFORMATION_FORMAT = "dwarf-with-dsym";
				ENABLE_NS_ASSERTIONS = NO;
				ENABLE_STRICT_OBJC_MSGSEND = YES;
				GCC_C_LANGUAGE_STANDARD = gnu99;
				GCC_NO_COMMON_BLOCKS = YES;
				GCC_WARN_64_TO_32_BIT_CONVERSION = YES;
				GCC_WARN_ABOUT_RETURN_TYPE = YES_ERROR;
				GCC_WARN_UNDECLARED_SELECTOR = YES;
				GCC_WARN_UNINITIALIZED_AUTOS = YES_AGGRESSIVE;
				GCC_WARN_UNUSED_FUNCTION = YES;
				GCC_WARN_UNUSED_VARIABLE = YES;
				IPHONEOS_DEPLOYMENT_TARGET = 9.0;
				MTL_ENABLE_DEBUG_INFO = NO;
				SDKROOT = iphoneos;
				TARGETED_DEVICE_FAMILY = "1,2";
				VALIDATE_PRODUCT = YES;
			};
			name = Release;
		};
		F0A534EA1CDB4EEE00A6D83A /* Debug */ = {
			isa = XCBuildConfiguration;
			baseConfigurationReference = DFCE4DC3EEEA23522CE1750E /* Pods-Echos-Echo.debug.xcconfig */;
			buildSettings = {
				ASSETCATALOG_COMPILER_APPICON_NAME = AppIcon;
				ENVIRONMENT = prod;
				GCC_PREPROCESSOR_DEFINITIONS = (
					"$(inherited)",
					"COCOAPODS=1",
					"ENVIRONMENT=${ENVIRONMENT}",
				);
				INFOPLIST_FILE = "Echo/Supporting Files/Live-Info.plist";
				IPHONEOS_DEPLOYMENT_TARGET = 9.0;
				LD_RUNPATH_SEARCH_PATHS = "$(inherited) @executable_path/Frameworks";
				PRODUCT_BUNDLE_IDENTIFIER = com.jonnypower.echo;
				PRODUCT_NAME = "$(TARGET_NAME)";
			};
			name = Debug;
		};
		F0A534EB1CDB4EEE00A6D83A /* Release */ = {
			isa = XCBuildConfiguration;
			baseConfigurationReference = 9D100862F4894AC366821057 /* Pods-Echos-Echo.release.xcconfig */;
			buildSettings = {
				ASSETCATALOG_COMPILER_APPICON_NAME = AppIcon;
				ENVIRONMENT = prod;
				GCC_PREPROCESSOR_DEFINITIONS = (
					"$(inherited)",
					"COCOAPODS=1",
					"ENVIRONMENT=${ENVIRONMENT}",
				);
				INFOPLIST_FILE = "Echo/Supporting Files/Live-Info.plist";
				IPHONEOS_DEPLOYMENT_TARGET = 9.0;
				LD_RUNPATH_SEARCH_PATHS = "$(inherited) @executable_path/Frameworks";
				PRODUCT_BUNDLE_IDENTIFIER = com.jonnypower.echo;
				PRODUCT_NAME = "$(TARGET_NAME)";
			};
			name = Release;
		};
		F0A534ED1CDB4EEE00A6D83A /* Debug */ = {
			isa = XCBuildConfiguration;
			baseConfigurationReference = 6E00E309AFF6207E170CF1DC /* Pods-EchoTests.debug.xcconfig */;
			buildSettings = {
				BUNDLE_LOADER = "$(TEST_HOST)";
				INFOPLIST_FILE = EchoTests/Info.plist;
				LD_RUNPATH_SEARCH_PATHS = "$(inherited) @executable_path/Frameworks @loader_path/Frameworks";
				PRODUCT_BUNDLE_IDENTIFIER = com.jonnypower.EchoTests;
				PRODUCT_NAME = "$(TARGET_NAME)";
				TEST_HOST = "$(BUILT_PRODUCTS_DIR)/Echo.app/Echo";
			};
			name = Debug;
		};
		F0A534EE1CDB4EEE00A6D83A /* Release */ = {
			isa = XCBuildConfiguration;
			baseConfigurationReference = 14DE9F9E5C8E6C4A810BAE12 /* Pods-EchoTests.release.xcconfig */;
			buildSettings = {
				BUNDLE_LOADER = "$(TEST_HOST)";
				INFOPLIST_FILE = EchoTests/Info.plist;
				LD_RUNPATH_SEARCH_PATHS = "$(inherited) @executable_path/Frameworks @loader_path/Frameworks";
				PRODUCT_BUNDLE_IDENTIFIER = com.jonnypower.EchoTests;
				PRODUCT_NAME = "$(TARGET_NAME)";
				TEST_HOST = "$(BUILT_PRODUCTS_DIR)/Echo.app/Echo";
			};
			name = Release;
		};
		F0A534F01CDB4EEE00A6D83A /* Debug */ = {
			isa = XCBuildConfiguration;
			baseConfigurationReference = BD39D11618E9E6B3C81B4930 /* Pods-EchoUITests.debug.xcconfig */;
			buildSettings = {
				INFOPLIST_FILE = EchoUITests/Info.plist;
				LD_RUNPATH_SEARCH_PATHS = "$(inherited) @executable_path/Frameworks @loader_path/Frameworks";
				PRODUCT_BUNDLE_IDENTIFIER = com.jonnypower.EchoUITests;
				PRODUCT_NAME = "$(TARGET_NAME)";
				TEST_TARGET_NAME = Echo;
			};
			name = Debug;
		};
		F0A534F11CDB4EEE00A6D83A /* Release */ = {
			isa = XCBuildConfiguration;
			baseConfigurationReference = DB0918440761EC51C062E7C5 /* Pods-EchoUITests.release.xcconfig */;
			buildSettings = {
				INFOPLIST_FILE = EchoUITests/Info.plist;
				LD_RUNPATH_SEARCH_PATHS = "$(inherited) @executable_path/Frameworks @loader_path/Frameworks";
				PRODUCT_BUNDLE_IDENTIFIER = com.jonnypower.EchoUITests;
				PRODUCT_NAME = "$(TARGET_NAME)";
				TEST_TARGET_NAME = Echo;
			};
			name = Release;
		};
/* End XCBuildConfiguration section */

/* Begin XCConfigurationList section */
		F03D251F1DE791DA00CD2225 /* Build configuration list for PBXNativeTarget "Echo Dev" */ = {
			isa = XCConfigurationList;
			buildConfigurations = (
				F03D25201DE791DA00CD2225 /* Debug */,
				F03D25211DE791DA00CD2225 /* Release */,
			);
			defaultConfigurationIsVisible = 0;
			defaultConfigurationName = Release;
		};
		F03D25461DE791E600CD2225 /* Build configuration list for PBXNativeTarget "Echo Test" */ = {
			isa = XCConfigurationList;
			buildConfigurations = (
				F03D25471DE791E600CD2225 /* Debug */,
				F03D25481DE791E600CD2225 /* Release */,
			);
			defaultConfigurationIsVisible = 0;
			defaultConfigurationName = Release;
		};
		F0A534B41CDB4EEE00A6D83A /* Build configuration list for PBXProject "Echo" */ = {
			isa = XCConfigurationList;
			buildConfigurations = (
				F0A534E71CDB4EEE00A6D83A /* Debug */,
				F0A534E81CDB4EEE00A6D83A /* Release */,
			);
			defaultConfigurationIsVisible = 0;
			defaultConfigurationName = Release;
		};
		F0A534E91CDB4EEE00A6D83A /* Build configuration list for PBXNativeTarget "Echo" */ = {
			isa = XCConfigurationList;
			buildConfigurations = (
				F0A534EA1CDB4EEE00A6D83A /* Debug */,
				F0A534EB1CDB4EEE00A6D83A /* Release */,
			);
			defaultConfigurationIsVisible = 0;
			defaultConfigurationName = Release;
		};
		F0A534EC1CDB4EEE00A6D83A /* Build configuration list for PBXNativeTarget "EchoTests" */ = {
			isa = XCConfigurationList;
			buildConfigurations = (
				F0A534ED1CDB4EEE00A6D83A /* Debug */,
				F0A534EE1CDB4EEE00A6D83A /* Release */,
			);
			defaultConfigurationIsVisible = 0;
			defaultConfigurationName = Release;
		};
		F0A534EF1CDB4EEE00A6D83A /* Build configuration list for PBXNativeTarget "EchoUITests" */ = {
			isa = XCConfigurationList;
			buildConfigurations = (
				F0A534F01CDB4EEE00A6D83A /* Debug */,
				F0A534F11CDB4EEE00A6D83A /* Release */,
			);
			defaultConfigurationIsVisible = 0;
			defaultConfigurationName = Release;
		};
/* End XCConfigurationList section */

/* Begin XCVersionGroup section */
		F0A534C81CDB4EEE00A6D83A /* Echo.xcdatamodeld */ = {
			isa = XCVersionGroup;
			children = (
				F0A534C91CDB4EEE00A6D83A /* Echo.xcdatamodel */,
			);
			currentVersion = F0A534C91CDB4EEE00A6D83A /* Echo.xcdatamodel */;
			path = Echo.xcdatamodeld;
			sourceTree = "<group>";
			versionGroupType = wrapper.xcdatamodel;
		};
/* End XCVersionGroup section */
	};
	rootObject = F0A534B11CDB4EEE00A6D83A /* Project object */;
}
